
Microsoft Visual Studio Solution File, Format Version 12.00
# Visual Studio Version 17
VisualStudioVersion = 17.0.31903.59
MinimumVisualStudioVersion = 10.0.40219.1
Project("{2150E333-8FDC-42A3-9474-1A3956D46DE8}") = "src", "src", "{966A63B6-7E2B-4B6B-A404-5EBA28156685}"
EndProject
Project("{FAE04EC0-301F-11D3-BF4B-00C04F79EFBC}") = "WarmachineAPI", "src\WarmachineAPI\WarmachineAPI.csproj", "{38234A4B-22B6-4789-9B68-30E544044295}"
EndProject
Global
	GlobalSection(SolutionConfigurationPlatforms) = preSolution
		Debug|Any CPU = Debug|Any CPU
		Release|Any CPU = Release|Any CPU
	EndGlobalSection
	GlobalSection(SolutionProperties) = preSolution
		HideSolutionNode = FALSE
	EndGlobalSection
	GlobalSection(ProjectConfigurationPlatforms) = postSolution
		{38234A4B-22B6-4789-9B68-30E544044295}.Debug|Any CPU.ActiveCfg = Debug|Any CPU
		{38234A4B-22B6-4789-9B68-30E544044295}.Debug|Any CPU.Build.0 = Debug|Any CPU
		{38234A4B-22B6-4789-9B68-30E544044295}.Release|Any CPU.ActiveCfg = Release|Any CPU
		{38234A4B-22B6-4789-9B68-30E544044295}.Release|Any CPU.Build.0 = Release|Any CPU
	EndGlobalSection
	GlobalSection(NestedProjects) = preSolution
		{38234A4B-22B6-4789-9B68-30E544044295} = {966A63B6-7E2B-4B6B-A404-5EBA28156685}
	EndGlobalSection
EndGlobal
